
Microsoft Visual Studio Solution File, Format Version 12.00
# Visual Studio 2012
Project("{FAE04EC0-301F-11D3-BF4B-00C04F79EFBC}") = "SignalR.SimpleChat", "SignalR.SimpleChat\SignalR.SimpleChat.csproj", "{8AFF5CE0-B9B7-4CD5-BF90-20D4BCB3D431}"
EndProject
Project("{FAE04EC0-301F-11D3-BF4B-00C04F79EFBC}") = "SignalRClient", "SignalRClient\SignalRClient.csproj", "{4F69D847-0798-4B3F-A72D-1997D23FEE54}"
EndProject
Global
	GlobalSection(SolutionConfigurationPlatforms) = preSolution
		Debug|Any CPU = Debug|Any CPU
		Release|Any CPU = Release|Any CPU
	EndGlobalSection
	GlobalSection(ProjectConfigurationPlatforms) = postSolution
		{8AFF5CE0-B9B7-4CD5-BF90-20D4BCB3D431}.Debug|Any CPU.ActiveCfg = Debug|Any CPU
		{8AFF5CE0-B9B7-4CD5-BF90-20D4BCB3D431}.Debug|Any CPU.Build.0 = Debug|Any CPU
		{8AFF5CE0-B9B7-4CD5-BF90-20D4BCB3D431}.Release|Any CPU.ActiveCfg = Release|Any CPU
		{8AFF5CE0-B9B7-4CD5-BF90-20D4BCB3D431}.Release|Any CPU.Build.0 = Release|Any CPU
		{4F69D847-0798-4B3F-A72D-1997D23FEE54}.Debug|Any CPU.ActiveCfg = Debug|Any CPU
		{4F69D847-0798-4B3F-A72D-1997D23FEE54}.Debug|Any CPU.Build.0 = Debug|Any CPU
		{4F69D847-0798-4B3F-A72D-1997D23FEE54}.Release|Any CPU.ActiveCfg = Release|Any CPU
		{4F69D847-0798-4B3F-A72D-1997D23FEE54}.Release|Any CPU.Build.0 = Release|Any CPU
	EndGlobalSection
	GlobalSection(SolutionProperties) = preSolution
		HideSolutionNode = FALSE
	EndGlobalSection
EndGlobal
